{
    "name": "spark",
    "version": "0.5.0",
    "lockfileVersion": 3,
    "requires": true,
    "packages": {
        "": {
            "name": "spark",
            "version": "0.5.0",
            "license": "MIT",
            "dependencies": {
                "highlight.js": "^11.9.0",
                "keen-slider": "^6.8.6",
                "kysely": "^0.27.3",
                "magic-bytes.js": "^1.10.0",
                "mysql2": "^3.9.7",
                "nanoid": "^5.0.7",
                "next": "^14.2.3",
                "probe-image-size": "^7.2.3",
                "pusher": "^5.2.0",
                "pusher-js": "^8.3.0",
                "react": "^18.3.1",
                "react-dom": "^18.3.1",
                "react-router-dom": "^6.23.0",
                "simple-markdown": "^0.7.3",
                "slate": "^0.103.0",
                "slate-history": "^0.100.0",
                "slate-hyperscript": "^0.100.0",
                "slate-react": "^0.104.0",
                "swr": "^2.2.5",
                "zustand": "^4.5.2"
            },
            "devDependencies": {
                "@types/bun": "^1.1.1",
                "@types/cookie": "^0.6.0",
                "@types/draft-js": "^0.11.18",
                "@types/react": "18.3.1",
                "typescript": "5.4.5"
            }
        },
        "node_modules/@juggle/resize-observer": {
            "version": "3.4.0",
            "license": "Apache-2.0"
        },
        "node_modules/@next/env": {
            "version": "14.2.3",
            "license": "MIT"
        },
        "node_modules/@next/swc-darwin-arm64": {
            "version": "14.2.3",
            "resolved": "https://registry.npmjs.org/@next/swc-darwin-arm64/-/swc-darwin-arm64-14.2.3.tgz",
            "integrity": "sha512-3pEYo/RaGqPP0YzwnlmPN2puaF2WMLM3apt5jLW2fFdXD9+pqcoTzRk+iZsf8ta7+quAe4Q6Ms0nR0SFGFdS1A==",
            "cpu": [
                "arm64"
            ],
            "optional": true,
            "os": [
                "darwin"
            ],
            "engines": {
                "node": ">= 10"
            }
        },
        "node_modules/@next/swc-darwin-x64": {
            "version": "14.2.3",
            "resolved": "https://registry.npmjs.org/@next/swc-darwin-x64/-/swc-darwin-x64-14.2.3.tgz",
            "integrity": "sha512-6adp7waE6P1TYFSXpY366xwsOnEXM+y1kgRpjSRVI2CBDOcbRjsJ67Z6EgKIqWIue52d2q/Mx8g9MszARj8IEA==",
            "cpu": [
                "x64"
            ],
            "optional": true,
            "os": [
                "darwin"
            ],
            "engines": {
                "node": ">= 10"
            }
        },
        "node_modules/@next/swc-linux-arm64-gnu": {
            "version": "14.2.3",
            "resolved": "https://registry.npmjs.org/@next/swc-linux-arm64-gnu/-/swc-linux-arm64-gnu-14.2.3.tgz",
            "integrity": "sha512-cuzCE/1G0ZSnTAHJPUT1rPgQx1w5tzSX7POXSLaS7w2nIUJUD+e25QoXD/hMfxbsT9rslEXugWypJMILBj/QsA==",
            "cpu": [
                "arm64"
            ],
            "optional": true,
            "os": [
                "linux"
            ],
            "engines": {
                "node": ">= 10"
            }
        },
        "node_modules/@next/swc-linux-arm64-musl": {
            "version": "14.2.3",
            "resolved": "https://registry.npmjs.org/@next/swc-linux-arm64-musl/-/swc-linux-arm64-musl-14.2.3.tgz",
            "integrity": "sha512-0D4/oMM2Y9Ta3nGuCcQN8jjJjmDPYpHX9OJzqk42NZGJocU2MqhBq5tWkJrUQOQY9N+In9xOdymzapM09GeiZw==",
            "cpu": [
                "arm64"
            ],
            "optional": true,
            "os": [
                "linux"
            ],
            "engines": {
                "node": ">= 10"
            }
        },
        "node_modules/@next/swc-linux-x64-gnu": {
            "version": "14.2.3",
            "resolved": "https://registry.npmjs.org/@next/swc-linux-x64-gnu/-/swc-linux-x64-gnu-14.2.3.tgz",
            "integrity": "sha512-ENPiNnBNDInBLyUU5ii8PMQh+4XLr4pG51tOp6aJ9xqFQ2iRI6IH0Ds2yJkAzNV1CfyagcyzPfROMViS2wOZ9w==",
            "cpu": [
                "x64"
            ],
            "optional": true,
            "os": [
                "linux"
            ],
            "engines": {
                "node": ">= 10"
            }
        },
        "node_modules/@next/swc-linux-x64-musl": {
            "version": "14.2.3",
            "resolved": "https://registry.npmjs.org/@next/swc-linux-x64-musl/-/swc-linux-x64-musl-14.2.3.tgz",
            "integrity": "sha512-BTAbq0LnCbF5MtoM7I/9UeUu/8ZBY0i8SFjUMCbPDOLv+un67e2JgyN4pmgfXBwy/I+RHu8q+k+MCkDN6P9ViQ==",
            "cpu": [
                "x64"
            ],
            "optional": true,
            "os": [
                "linux"
            ],
            "engines": {
                "node": ">= 10"
            }
        },
        "node_modules/@next/swc-win32-arm64-msvc": {
            "version": "14.2.3",
            "resolved": "https://registry.npmjs.org/@next/swc-win32-arm64-msvc/-/swc-win32-arm64-msvc-14.2.3.tgz",
            "integrity": "sha512-AEHIw/dhAMLNFJFJIJIyOFDzrzI5bAjI9J26gbO5xhAKHYTZ9Or04BesFPXiAYXDNdrwTP2dQceYA4dL1geu8A==",
            "cpu": [
                "arm64"
            ],
            "optional": true,
            "os": [
                "win32"
            ],
            "engines": {
                "node": ">= 10"
            }
        },
        "node_modules/@next/swc-win32-ia32-msvc": {
            "version": "14.2.3",
            "resolved": "https://registry.npmjs.org/@next/swc-win32-ia32-msvc/-/swc-win32-ia32-msvc-14.2.3.tgz",
            "integrity": "sha512-vga40n1q6aYb0CLrM+eEmisfKCR45ixQYXuBXxOOmmoV8sYST9k7E3US32FsY+CkkF7NtzdcebiFT4CHuMSyZw==",
            "cpu": [
                "ia32"
            ],
            "optional": true,
            "os": [
                "win32"
            ],
            "engines": {
                "node": ">= 10"
            }
        },
        "node_modules/@next/swc-win32-x64-msvc": {
            "version": "14.2.3",
            "cpu": [
                "x64"
            ],
            "license": "MIT",
            "optional": true,
            "os": [
                "win32"
            ],
            "engines": {
                "node": ">= 10"
            }
        },
        "node_modules/@remix-run/router": {
            "version": "1.16.0",
            "license": "MIT",
            "engines": {
                "node": ">=14.0.0"
            }
        },
        "node_modules/@swc/counter": {
            "version": "0.1.3",
            "license": "Apache-2.0"
        },
        "node_modules/@swc/helpers": {
            "version": "0.5.5",
            "license": "Apache-2.0",
            "dependencies": {
                "@swc/counter": "^0.1.3",
                "tslib": "^2.4.0"
            }
        },
        "node_modules/@types/bun": {
            "version": "1.1.1",
            "dev": true,
            "license": "MIT",
            "dependencies": {
                "bun-types": "1.1.6"
            }
        },
        "node_modules/@types/cookie": {
            "version": "0.6.0",
            "dev": true,
            "license": "MIT"
        },
        "node_modules/@types/draft-js": {
            "version": "0.11.18",
            "dev": true,
            "license": "MIT",
            "dependencies": {
                "@types/react": "*",
                "immutable": "~3.7.4"
            }
        },
        "node_modules/@types/is-hotkey": {
            "version": "0.1.10",
            "license": "MIT"
        },
        "node_modules/@types/lodash": {
            "version": "4.17.0",
            "license": "MIT"
        },
        "node_modules/@types/node": {
            "version": "20.11.30",
            "dev": true,
            "license": "MIT",
            "dependencies": {
                "undici-types": "~5.26.4"
            }
        },
        "node_modules/@types/node-fetch": {
            "version": "2.6.11",
            "license": "MIT",
            "dependencies": {
                "@types/node": "*",
                "form-data": "^4.0.0"
            }
        },
        "node_modules/@types/node-fetch/node_modules/@types/node": {
            "version": "20.12.7",
            "license": "MIT",
            "dependencies": {
                "undici-types": "~5.26.4"
            }
        },
        "node_modules/@types/prop-types": {
            "version": "15.7.12",
            "license": "MIT"
        },
        "node_modules/@types/react": {
            "version": "18.3.1",
            "license": "MIT",
            "dependencies": {
                "@types/prop-types": "*",
                "csstype": "^3.0.2"
            }
        },
        "node_modules/@types/ws": {
            "version": "8.5.10",
            "dev": true,
            "license": "MIT",
            "dependencies": {
                "@types/node": "*"
            }
        },
        "node_modules/@types/ws/node_modules/@types/node": {
            "version": "20.12.7",
            "dev": true,
            "license": "MIT",
            "dependencies": {
                "undici-types": "~5.26.4"
            }
        },
        "node_modules/abort-controller": {
            "version": "3.0.0",
            "license": "MIT",
            "dependencies": {
                "event-target-shim": "^5.0.0"
            },
            "engines": {
                "node": ">=6.5"
            }
        },
        "node_modules/asynckit": {
            "version": "0.4.0",
            "license": "MIT"
        },
        "node_modules/bun-types": {
            "version": "1.1.6",
            "dev": true,
            "license": "MIT",
            "dependencies": {
                "@types/node": "~20.11.3",
                "@types/ws": "~8.5.10"
            }
        },
        "node_modules/busboy": {
            "version": "1.6.0",
            "dependencies": {
                "streamsearch": "^1.1.0"
            },
            "engines": {
                "node": ">=10.16.0"
            }
        },
        "node_modules/caniuse-lite": {
            "version": "1.0.30001614",
            "funding": [
                {
                    "type": "opencollective",
                    "url": "https://opencollective.com/browserslist"
                },
                {
                    "type": "tidelift",
                    "url": "https://tidelift.com/funding/github/npm/caniuse-lite"
                },
                {
                    "type": "github",
                    "url": "https://github.com/sponsors/ai"
                }
            ],
            "license": "CC-BY-4.0"
        },
        "node_modules/client-only": {
            "version": "0.0.1",
            "license": "MIT"
        },
        "node_modules/combined-stream": {
            "version": "1.0.8",
            "license": "MIT",
            "dependencies": {
                "delayed-stream": "~1.0.0"
            },
            "engines": {
                "node": ">= 0.8"
            }
        },
        "node_modules/compute-scroll-into-view": {
            "version": "3.1.0",
            "license": "MIT"
        },
        "node_modules/csstype": {
            "version": "3.1.3",
            "license": "MIT"
        },
        "node_modules/debug": {
            "version": "3.2.7",
            "license": "MIT",
            "dependencies": {
                "ms": "^2.1.1"
            }
        },
        "node_modules/delayed-stream": {
            "version": "1.0.0",
            "license": "MIT",
            "engines": {
                "node": ">=0.4.0"
            }
        },
        "node_modules/denque": {
            "version": "2.1.0",
            "license": "Apache-2.0",
            "engines": {
                "node": ">=0.10"
            }
        },
        "node_modules/direction": {
            "version": "1.0.4",
            "license": "MIT",
            "bin": {
                "direction": "cli.js"
            },
            "funding": {
                "type": "github",
                "url": "https://github.com/sponsors/wooorm"
            }
        },
        "node_modules/event-target-shim": {
            "version": "5.0.1",
            "license": "MIT",
            "engines": {
                "node": ">=6"
            }
        },
        "node_modules/form-data": {
            "version": "4.0.0",
            "license": "MIT",
            "dependencies": {
                "asynckit": "^0.4.0",
                "combined-stream": "^1.0.8",
                "mime-types": "^2.1.12"
            },
            "engines": {
                "node": ">= 6"
            }
        },
        "node_modules/generate-function": {
            "version": "2.3.1",
            "license": "MIT",
            "dependencies": {
                "is-property": "^1.0.2"
            }
        },
        "node_modules/graceful-fs": {
            "version": "4.2.11",
            "license": "ISC"
        },
        "node_modules/highlight.js": {
            "version": "11.9.0",
            "license": "BSD-3-Clause",
            "engines": {
                "node": ">=12.0.0"
            }
        },
        "node_modules/iconv-lite": {
            "version": "0.6.3",
            "license": "MIT",
            "dependencies": {
                "safer-buffer": ">= 2.1.2 < 3.0.0"
            },
            "engines": {
                "node": ">=0.10.0"
            }
        },
        "node_modules/immer": {
            "version": "10.1.1",
            "license": "MIT",
            "funding": {
                "type": "opencollective",
                "url": "https://opencollective.com/immer"
            }
        },
        "node_modules/immutable": {
            "version": "3.7.6",
            "dev": true,
            "license": "BSD-3-Clause",
            "engines": {
                "node": ">=0.8.0"
            }
        },
        "node_modules/is-base64": {
            "version": "1.1.0",
            "license": "MIT",
            "bin": {
                "is_base64": "bin/is-base64",
                "is-base64": "bin/is-base64"
            }
        },
        "node_modules/is-hotkey": {
            "version": "0.2.0",
            "license": "MIT"
        },
        "node_modules/is-plain-object": {
            "version": "5.0.0",
            "license": "MIT",
            "engines": {
                "node": ">=0.10.0"
            }
        },
        "node_modules/is-property": {
            "version": "1.0.2",
            "license": "MIT"
        },
        "node_modules/js-tokens": {
            "version": "4.0.0",
            "license": "MIT"
        },
        "node_modules/keen-slider": {
            "version": "6.8.6",
            "license": "MIT"
        },
        "node_modules/kysely": {
            "version": "0.27.3",
            "license": "MIT",
            "engines": {
                "node": ">=14.0.0"
            }
        },
        "node_modules/lodash": {
            "version": "4.17.21",
            "license": "MIT"
        },
        "node_modules/lodash.merge": {
            "version": "4.6.2",
            "license": "MIT"
        },
        "node_modules/long": {
            "version": "5.2.3",
            "license": "Apache-2.0"
        },
        "node_modules/loose-envify": {
            "version": "1.4.0",
            "license": "MIT",
            "dependencies": {
                "js-tokens": "^3.0.0 || ^4.0.0"
            },
            "bin": {
                "loose-envify": "cli.js"
            }
        },
        "node_modules/lru-cache": {
            "version": "8.0.5",
            "license": "ISC",
            "engines": {
                "node": ">=16.14"
            }
        },
        "node_modules/magic-bytes.js": {
            "version": "1.10.0",
            "license": "MIT"
        },
        "node_modules/mime-db": {
            "version": "1.52.0",
            "license": "MIT",
            "engines": {
                "node": ">= 0.6"
            }
        },
        "node_modules/mime-types": {
            "version": "2.1.35",
            "license": "MIT",
            "dependencies": {
                "mime-db": "1.52.0"
            },
            "engines": {
                "node": ">= 0.6"
            }
        },
        "node_modules/ms": {
            "version": "2.1.3",
            "license": "MIT"
        },
        "node_modules/mysql2": {
            "version": "3.9.7",
            "license": "MIT",
            "dependencies": {
                "denque": "^2.1.0",
                "generate-function": "^2.3.1",
                "iconv-lite": "^0.6.3",
                "long": "^5.2.1",
                "lru-cache": "^8.0.0",
                "named-placeholders": "^1.1.3",
                "seq-queue": "^0.0.5",
                "sqlstring": "^2.3.2"
            },
            "engines": {
                "node": ">= 8.0"
            }
        },
        "node_modules/named-placeholders": {
            "version": "1.1.3",
            "license": "MIT",
            "dependencies": {
                "lru-cache": "^7.14.1"
            },
            "engines": {
                "node": ">=12.0.0"
            }
        },
        "node_modules/named-placeholders/node_modules/lru-cache": {
            "version": "7.18.3",
            "license": "ISC",
            "engines": {
                "node": ">=12"
            }
        },
        "node_modules/nanoid": {
            "version": "5.0.7",
            "funding": [
                {
                    "type": "github",
                    "url": "https://github.com/sponsors/ai"
                }
            ],
            "license": "MIT",
            "bin": {
                "nanoid": "bin/nanoid.js"
            },
            "engines": {
                "node": "^18 || >=20"
            }
        },
        "node_modules/needle": {
            "version": "2.9.1",
            "license": "MIT",
            "dependencies": {
                "debug": "^3.2.6",
                "iconv-lite": "^0.4.4",
                "sax": "^1.2.4"
            },
            "bin": {
                "needle": "bin/needle"
            },
            "engines": {
                "node": ">= 4.4.x"
            }
        },
        "node_modules/needle/node_modules/iconv-lite": {
            "version": "0.4.24",
            "license": "MIT",
            "dependencies": {
                "safer-buffer": ">= 2.1.2 < 3"
            },
            "engines": {
                "node": ">=0.10.0"
            }
        },
        "node_modules/next": {
            "version": "14.2.3",
            "license": "MIT",
            "dependencies": {
                "@next/env": "14.2.3",
                "@swc/helpers": "0.5.5",
                "busboy": "1.6.0",
                "caniuse-lite": "^1.0.30001579",
                "graceful-fs": "^4.2.11",
                "postcss": "8.4.31",
                "styled-jsx": "5.1.1"
            },
            "bin": {
                "next": "dist/bin/next"
            },
            "engines": {
                "node": ">=18.17.0"
            },
            "optionalDependencies": {
                "@next/swc-darwin-arm64": "14.2.3",
                "@next/swc-darwin-x64": "14.2.3",
                "@next/swc-linux-arm64-gnu": "14.2.3",
                "@next/swc-linux-arm64-musl": "14.2.3",
                "@next/swc-linux-x64-gnu": "14.2.3",
                "@next/swc-linux-x64-musl": "14.2.3",
                "@next/swc-win32-arm64-msvc": "14.2.3",
                "@next/swc-win32-ia32-msvc": "14.2.3",
                "@next/swc-win32-x64-msvc": "14.2.3"
            },
            "peerDependencies": {
                "@opentelemetry/api": "^1.1.0",
                "@playwright/test": "^1.41.2",
                "react": "^18.2.0",
                "react-dom": "^18.2.0",
                "sass": "^1.3.0"
            },
            "peerDependenciesMeta": {
                "@opentelemetry/api": {
                    "optional": true
                },
                "@playwright/test": {
                    "optional": true
                },
                "sass": {
                    "optional": true
                }
            }
        },
        "node_modules/node-fetch": {
            "version": "2.7.0",
            "license": "MIT",
            "dependencies": {
                "whatwg-url": "^5.0.0"
            },
            "engines": {
                "node": "4.x || >=6.0.0"
            },
            "peerDependencies": {
                "encoding": "^0.1.0"
            },
            "peerDependenciesMeta": {
                "encoding": {
                    "optional": true
                }
            }
        },
        "node_modules/picocolors": {
            "version": "1.0.0",
            "license": "ISC"
        },
        "node_modules/postcss": {
            "version": "8.4.31",
            "funding": [
                {
                    "type": "opencollective",
                    "url": "https://opencollective.com/postcss/"
                },
                {
                    "type": "tidelift",
                    "url": "https://tidelift.com/funding/github/npm/postcss"
                },
                {
                    "type": "github",
                    "url": "https://github.com/sponsors/ai"
                }
            ],
            "license": "MIT",
            "dependencies": {
                "nanoid": "^3.3.6",
                "picocolors": "^1.0.0",
                "source-map-js": "^1.0.2"
            },
            "engines": {
                "node": "^10 || ^12 || >=14"
            }
        },
        "node_modules/postcss/node_modules/nanoid": {
            "version": "3.3.7",
            "funding": [
                {
                    "type": "github",
                    "url": "https://github.com/sponsors/ai"
                }
            ],
            "license": "MIT",
            "bin": {
                "nanoid": "bin/nanoid.cjs"
            },
            "engines": {
                "node": "^10 || ^12 || ^13.7 || ^14 || >=15.0.1"
            }
        },
        "node_modules/probe-image-size": {
            "version": "7.2.3",
            "license": "MIT",
            "dependencies": {
                "lodash.merge": "^4.6.2",
                "needle": "^2.5.2",
                "stream-parser": "~0.3.1"
            }
        },
        "node_modules/pusher": {
            "version": "5.2.0",
            "license": "MIT",
            "dependencies": {
                "@types/node-fetch": "^2.5.7",
                "abort-controller": "^3.0.0",
                "is-base64": "^1.1.0",
                "node-fetch": "^2.6.1",
                "tweetnacl": "^1.0.0",
                "tweetnacl-util": "^0.15.0"
            },
            "engines": {
                "node": ">= 4.0.0"
            }
        },
        "node_modules/pusher-js": {
            "version": "8.3.0",
            "license": "MIT",
            "dependencies": {
                "tweetnacl": "^1.0.3"
            }
        },
        "node_modules/react": {
            "version": "18.3.1",
            "license": "MIT",
            "dependencies": {
                "loose-envify": "^1.1.0"
            },
            "engines": {
                "node": ">=0.10.0"
            }
        },
        "node_modules/react-dom": {
            "version": "18.3.1",
            "license": "MIT",
            "dependencies": {
                "loose-envify": "^1.1.0",
                "scheduler": "^0.23.2"
            },
            "peerDependencies": {
                "react": "^18.3.1"
            }
        },
        "node_modules/react-router": {
            "version": "6.23.0",
            "license": "MIT",
            "dependencies": {
                "@remix-run/router": "1.16.0"
            },
            "engines": {
                "node": ">=14.0.0"
            },
            "peerDependencies": {
                "react": ">=16.8"
            }
        },
        "node_modules/react-router-dom": {
            "version": "6.23.0",
            "license": "MIT",
            "dependencies": {
                "@remix-run/router": "1.16.0",
                "react-router": "6.23.0"
            },
            "engines": {
                "node": ">=14.0.0"
            },
            "peerDependencies": {
                "react": ">=16.8",
                "react-dom": ">=16.8"
            }
        },
        "node_modules/safer-buffer": {
            "version": "2.1.2",
            "license": "MIT"
        },
        "node_modules/sax": {
            "version": "1.3.0",
            "license": "ISC"
        },
        "node_modules/scheduler": {
            "version": "0.23.2",
            "license": "MIT",
            "dependencies": {
                "loose-envify": "^1.1.0"
            }
        },
        "node_modules/scroll-into-view-if-needed": {
            "version": "3.1.0",
            "license": "MIT",
            "dependencies": {
                "compute-scroll-into-view": "^3.0.2"
            }
        },
        "node_modules/seq-queue": {
            "version": "0.0.5"
        },
        "node_modules/simple-markdown": {
            "version": "0.7.3",
            "license": "MIT",
            "dependencies": {
                "@types/react": ">=16.0.0"
            }
        },
        "node_modules/slate": {
            "version": "0.103.0",
            "license": "MIT",
            "dependencies": {
                "immer": "^10.0.3",
                "is-plain-object": "^5.0.0",
                "tiny-warning": "^1.0.3"
            }
        },
        "node_modules/slate-history": {
            "version": "0.100.0",
            "license": "MIT",
            "dependencies": {
                "is-plain-object": "^5.0.0"
            },
            "peerDependencies": {
                "slate": ">=0.65.3"
            }
        },
        "node_modules/slate-hyperscript": {
            "version": "0.100.0",
            "license": "MIT",
            "dependencies": {
                "is-plain-object": "^5.0.0"
            },
            "peerDependencies": {
                "slate": ">=0.65.3"
            }
        },
        "node_modules/slate-react": {
            "version": "0.104.0",
            "license": "MIT",
            "dependencies": {
                "@juggle/resize-observer": "^3.4.0",
                "@types/is-hotkey": "^0.1.8",
                "@types/lodash": "^4.14.200",
                "direction": "^1.0.4",
                "is-hotkey": "^0.2.0",
                "is-plain-object": "^5.0.0",
                "lodash": "^4.17.21",
                "scroll-into-view-if-needed": "^3.1.0",
                "tiny-invariant": "1.3.1"
            },
            "peerDependencies": {
                "react": ">=18.2.0",
                "react-dom": ">=18.2.0",
                "slate": ">=0.99.0"
            }
        },
        "node_modules/source-map-js": {
            "version": "1.2.0",
            "license": "BSD-3-Clause",
            "engines": {
                "node": ">=0.10.0"
            }
        },
        "node_modules/sqlstring": {
            "version": "2.3.3",
            "license": "MIT",
            "engines": {
                "node": ">= 0.6"
            }
        },
        "node_modules/stream-parser": {
            "version": "0.3.1",
            "license": "MIT",
            "dependencies": {
                "debug": "2"
            }
        },
        "node_modules/stream-parser/node_modules/debug": {
            "version": "2.6.9",
            "license": "MIT",
            "dependencies": {
                "ms": "2.0.0"
            }
        },
        "node_modules/stream-parser/node_modules/debug/node_modules/ms": {
            "version": "2.0.0",
            "license": "MIT"
        },
        "node_modules/streamsearch": {
            "version": "1.1.0",
            "engines": {
                "node": ">=10.0.0"
            }
        },
        "node_modules/styled-jsx": {
            "version": "5.1.1",
            "license": "MIT",
            "dependencies": {
                "client-only": "0.0.1"
            },
            "engines": {
                "node": ">= 12.0.0"
            },
            "peerDependencies": {
                "react": ">= 16.8.0 || 17.x.x || ^18.0.0-0"
            },
            "peerDependenciesMeta": {
                "@babel/core": {
                    "optional": true
                },
                "babel-plugin-macros": {
                    "optional": true
                }
            }
        },
        "node_modules/swr": {
            "version": "2.2.5",
            "license": "MIT",
            "dependencies": {
                "client-only": "^0.0.1",
                "use-sync-external-store": "^1.2.0"
            },
            "peerDependencies": {
                "react": "^16.11.0 || ^17.0.0 || ^18.0.0"
            }
        },
        "node_modules/tiny-invariant": {
            "version": "1.3.1",
            "license": "MIT"
        },
        "node_modules/tiny-warning": {
            "version": "1.0.3",
            "license": "MIT"
        },
        "node_modules/tr46": {
            "version": "0.0.3",
            "license": "MIT"
        },
        "node_modules/tslib": {
            "version": "2.6.2",
            "license": "0BSD"
        },
        "node_modules/tweetnacl": {
            "version": "1.0.3",
            "license": "Unlicense"
        },
        "node_modules/tweetnacl-util": {
            "version": "0.15.1",
            "license": "Unlicense"
        },
        "node_modules/typescript": {
            "version": "5.4.5",
            "dev": true,
            "license": "Apache-2.0",
            "bin": {
                "tsc": "bin/tsc",
                "tsserver": "bin/tsserver"
            },
            "engines": {
                "node": ">=14.17"
            }
        },
        "node_modules/undici-types": {
            "version": "5.26.5",
            "license": "MIT"
        },
        "node_modules/use-sync-external-store": {
            "version": "1.2.0",
            "license": "MIT",
            "peerDependencies": {
                "react": "^16.8.0 || ^17.0.0 || ^18.0.0"
            }
        },
        "node_modules/webidl-conversions": {
            "version": "3.0.1",
            "license": "BSD-2-Clause"
        },
        "node_modules/whatwg-url": {
            "version": "5.0.0",
            "license": "MIT",
            "dependencies": {
                "tr46": "~0.0.3",
                "webidl-conversions": "^3.0.0"
            }
        },
        "node_modules/zustand": {
            "version": "4.5.2",
            "license": "MIT",
            "dependencies": {
                "use-sync-external-store": "1.2.0"
            },
            "engines": {
                "node": ">=12.7.0"
            },
            "peerDependencies": {
                "@types/react": ">=16.8",
                "immer": ">=9.0.6",
                "react": ">=16.8"
            },
            "peerDependenciesMeta": {
                "@types/react": {
                    "optional": true
                },
                "immer": {
                    "optional": true
                },
                "react": {
                    "optional": true
                }
            }
        }
    }
}
