{
    "name": "chat-app",
    "version": "0.4.0",
    "lockfileVersion": 3,
    "requires": true,
    "packages": {
        "": {
            "name": "chat-app",
            "version": "0.4.0",
            "hasInstallScript": true,
            "license": "MIT",
            "dependencies": {
                "@prisma/client": "^4.14.0",
                "@uploadcare/upload-client": "^6.6.1",
                "@uploadthing/react": "^4.1.3",
                "@vercel/analytics": "^1.0.1",
                "axios": "^1.3.5",
                "bcryptjs": "^2.4.3",
                "debug": "^4.3.4",
                "framer-motion": "^10.12.2",
                "jose": "^4.14.0",
                "next": "^13.4.6",
                "pusher": "^5.1.3",
                "pusher-js": "^8.1.0",
                "react": "^18.2.0",
                "react-dom": "^18.2.0",
                "react-dropzone": "^14.2.3",
                "react-router-dom": "^6.10.0",
                "supports-color": "^8.1.1",
                "swr": "^2.1.5",
                "uploadthing": "^4.1.3",
                "uuid": "^9.0.0"
            },
            "devDependencies": {
                "@types/bcryptjs": "^2.4.2",
                "@types/cookie": "^0.5.1",
                "@types/node": "20.1.3",
                "@types/react": "18.0.37",
                "@types/uuid": "^9.0.1",
                "prisma": "4.15",
                "typescript": "5.0.4"
            }
        },
        "node_modules/@emotion/is-prop-valid": {
            "version": "0.8.8",
            "resolved": "https://registry.npmjs.org/@emotion/is-prop-valid/-/is-prop-valid-0.8.8.tgz",
            "integrity": "sha512-u5WtneEAr5IDG2Wv65yhunPSMLIpuKsbuOktRojfrEiEvRyC85LgPMZI63cr7NUqT8ZIGdSVg8ZKGxIug4lXcA==",
            "optional": true,
            "dependencies": {
                "@emotion/memoize": "0.7.4"
            }
        },
        "node_modules/@emotion/memoize": {
            "version": "0.7.4",
            "resolved": "https://registry.npmjs.org/@emotion/memoize/-/memoize-0.7.4.tgz",
            "integrity": "sha512-Ja/Vfqe3HpuzRsG1oBtWTHk2PGZ7GR+2Vz5iYGelAw8dx32K0y7PjVuxK6z1nMpZOqAFsRUPCkK1YjJ56qJlgw==",
            "optional": true
        },
        "node_modules/@next/env": {
            "version": "13.4.6",
            "resolved": "https://registry.npmjs.org/@next/env/-/env-13.4.6.tgz",
            "integrity": "sha512-nqUxEtvDqFhmV1/awSg0K2XHNwkftNaiUqCYO9e6+MYmqNObpKVl7OgMkGaQ2SZnFx5YqF0t60ZJTlyJIDAijg=="
        },
        "node_modules/@next/swc-darwin-arm64": {
            "version": "13.4.6",
            "resolved": "https://registry.npmjs.org/@next/swc-darwin-arm64/-/swc-darwin-arm64-13.4.6.tgz",
            "integrity": "sha512-ahi6VP98o4HV19rkOXPSUu+ovfHfUxbJQ7VVJ7gL2FnZRr7onEFC1oGQ6NQHpm8CxpIzSSBW79kumlFMOmZVjg==",
            "cpu": [
                "arm64"
            ],
            "optional": true,
            "os": [
                "darwin"
            ],
            "engines": {
                "node": ">= 10"
            }
        },
        "node_modules/@next/swc-darwin-x64": {
            "version": "13.4.6",
            "resolved": "https://registry.npmjs.org/@next/swc-darwin-x64/-/swc-darwin-x64-13.4.6.tgz",
            "integrity": "sha512-13cXxKFsPJIJKzUqrU5XB1mc0xbUgYsRcdH6/rB8c4NMEbWGdtD4QoK9ShN31TZdePpD4k416Ur7p+deMIxnnA==",
            "cpu": [
                "x64"
            ],
            "optional": true,
            "os": [
                "darwin"
            ],
            "engines": {
                "node": ">= 10"
            }
        },
        "node_modules/@next/swc-linux-arm64-gnu": {
            "version": "13.4.6",
            "resolved": "https://registry.npmjs.org/@next/swc-linux-arm64-gnu/-/swc-linux-arm64-gnu-13.4.6.tgz",
            "integrity": "sha512-Ti+NMHEjTNktCVxNjeWbYgmZvA2AqMMI2AMlzkXsU7W4pXCMhrryAmAIoo+7YdJbsx01JQWYVxGe62G6DoCLaA==",
            "cpu": [
                "arm64"
            ],
            "optional": true,
            "os": [
                "linux"
            ],
            "engines": {
                "node": ">= 10"
            }
        },
        "node_modules/@next/swc-linux-arm64-musl": {
            "version": "13.4.6",
            "resolved": "https://registry.npmjs.org/@next/swc-linux-arm64-musl/-/swc-linux-arm64-musl-13.4.6.tgz",
            "integrity": "sha512-OHoC6gO7XfjstgwR+z6UHKlvhqJfyMtNaJidjx3sEcfaDwS7R2lqR5AABi8PuilGgi0BO0O0sCXqLlpp3a0emQ==",
            "cpu": [
                "arm64"
            ],
            "optional": true,
            "os": [
                "linux"
            ],
            "engines": {
                "node": ">= 10"
            }
        },
        "node_modules/@next/swc-linux-x64-gnu": {
            "version": "13.4.6",
            "resolved": "https://registry.npmjs.org/@next/swc-linux-x64-gnu/-/swc-linux-x64-gnu-13.4.6.tgz",
            "integrity": "sha512-zHZxPGkUlpfNJCboUrFqwlwEX5vI9LSN70b8XEb0DYzzlrZyCyOi7hwDp/+3Urm9AB7YCAJkgR5Sp1XBVjHdfQ==",
            "cpu": [
                "x64"
            ],
            "optional": true,
            "os": [
                "linux"
            ],
            "engines": {
                "node": ">= 10"
            }
        },
        "node_modules/@next/swc-linux-x64-musl": {
            "version": "13.4.6",
            "resolved": "https://registry.npmjs.org/@next/swc-linux-x64-musl/-/swc-linux-x64-musl-13.4.6.tgz",
            "integrity": "sha512-K/Y8lYGTwTpv5ME8PSJxwxLolaDRdVy+lOd9yMRMiQE0BLUhtxtCWC9ypV42uh9WpLjoaD0joOsB9Q6mbrSGJg==",
            "cpu": [
                "x64"
            ],
            "optional": true,
            "os": [
                "linux"
            ],
            "engines": {
                "node": ">= 10"
            }
        },
        "node_modules/@next/swc-win32-arm64-msvc": {
            "version": "13.4.6",
            "resolved": "https://registry.npmjs.org/@next/swc-win32-arm64-msvc/-/swc-win32-arm64-msvc-13.4.6.tgz",
            "integrity": "sha512-U6LtxEUrjBL2tpW+Kr1nHCSJWNeIed7U7l5o7FiKGGwGgIlFi4UHDiLI6TQ2lxi20fAU33CsruV3U0GuzMlXIw==",
            "cpu": [
                "arm64"
            ],
            "optional": true,
            "os": [
                "win32"
            ],
            "engines": {
                "node": ">= 10"
            }
        },
        "node_modules/@next/swc-win32-ia32-msvc": {
            "version": "13.4.6",
            "resolved": "https://registry.npmjs.org/@next/swc-win32-ia32-msvc/-/swc-win32-ia32-msvc-13.4.6.tgz",
            "integrity": "sha512-eEBeAqpCfhdPSlCZCayjCiyIllVqy4tcqvm1xmg3BgJG0G5ITiMM4Cw2WVeRSgWDJqQGRyyb+q8Y2ltzhXOWsQ==",
            "cpu": [
                "ia32"
            ],
            "optional": true,
            "os": [
                "win32"
            ],
            "engines": {
                "node": ">= 10"
            }
        },
        "node_modules/@next/swc-win32-x64-msvc": {
            "version": "13.4.6",
            "resolved": "https://registry.npmjs.org/@next/swc-win32-x64-msvc/-/swc-win32-x64-msvc-13.4.6.tgz",
            "integrity": "sha512-OrZs94AuO3ZS5tnqlyPRNgfWvboXaDQCi5aXGve3o3C+Sj0ctMUV9+Do+0zMvvLRumR8E0PTWKvtz9n5vzIsWw==",
            "cpu": [
                "x64"
            ],
            "optional": true,
            "os": [
                "win32"
            ],
            "engines": {
                "node": ">= 10"
            }
        },
        "node_modules/@prisma/client": {
            "version": "4.15.0",
            "resolved": "https://registry.npmjs.org/@prisma/client/-/client-4.15.0.tgz",
            "integrity": "sha512-xnROvyABcGiwqRNdrObHVZkD9EjkJYHOmVdlKy1yGgI+XOzvMzJ4tRg3dz1pUlsyhKxXGCnjIQjWW+2ur+YXuw==",
            "hasInstallScript": true,
            "dependencies": {
                "@prisma/engines-version": "4.15.0-28.8fbc245156db7124f997f4cecdd8d1219e360944"
            },
            "engines": {
                "node": ">=14.17"
            },
            "peerDependencies": {
                "prisma": "*"
            },
            "peerDependenciesMeta": {
                "prisma": {
                    "optional": true
                }
            }
        },
        "node_modules/@prisma/engines": {
            "version": "4.15.0",
            "resolved": "https://registry.npmjs.org/@prisma/engines/-/engines-4.15.0.tgz",
            "integrity": "sha512-FTaOCGs0LL0OW68juZlGxFtYviZa4xdQj/rQEdat2txw0s3Vu/saAPKjNVXfIgUsGXmQ72HPgNr6935/P8FNAA==",
            "devOptional": true,
            "hasInstallScript": true
        },
        "node_modules/@prisma/engines-version": {
            "version": "4.15.0-28.8fbc245156db7124f997f4cecdd8d1219e360944",
            "resolved": "https://registry.npmjs.org/@prisma/engines-version/-/engines-version-4.15.0-28.8fbc245156db7124f997f4cecdd8d1219e360944.tgz",
            "integrity": "sha512-sVOig4tjGxxlYaFcXgE71f/rtFhzyYrfyfNFUsxCIEJyVKU9rdOWIlIwQ2NQ7PntvGnn+x0XuFo4OC1jvPJKzg=="
        },
        "node_modules/@remix-run/router": {
            "version": "1.6.3",
            "resolved": "https://registry.npmjs.org/@remix-run/router/-/router-1.6.3.tgz",
            "integrity": "sha512-EXJysQ7J3veRECd0kZFQwYYd5sJMcq2O/m60zu1W2l3oVQ9xtub8jTOtYRE0+M2iomyG/W3Ps7+vp2kna0C27Q==",
            "engines": {
                "node": ">=14"
            }
        },
        "node_modules/@swc/helpers": {
            "version": "0.5.1",
            "resolved": "https://registry.npmjs.org/@swc/helpers/-/helpers-0.5.1.tgz",
            "integrity": "sha512-sJ902EfIzn1Fa+qYmjdQqh8tPsoxyBz+8yBKC2HKUxyezKJFwPGOn7pv4WY6QuQW//ySQi5lJjA/ZT9sNWWNTg==",
            "dependencies": {
                "tslib": "^2.4.0"
            }
        },
        "node_modules/@types/bcryptjs": {
            "version": "2.4.2",
            "resolved": "https://registry.npmjs.org/@types/bcryptjs/-/bcryptjs-2.4.2.tgz",
            "integrity": "sha512-LiMQ6EOPob/4yUL66SZzu6Yh77cbzJFYll+ZfaPiPPFswtIlA/Fs1MzdKYA7JApHU49zQTbJGX3PDmCpIdDBRQ==",
            "dev": true
        },
        "node_modules/@types/cookie": {
            "version": "0.5.1",
            "resolved": "https://registry.npmjs.org/@types/cookie/-/cookie-0.5.1.tgz",
            "integrity": "sha512-COUnqfB2+ckwXXSFInsFdOAWQzCCx+a5hq2ruyj+Vjund94RJQd4LG2u9hnvJrTgunKAaax7ancBYlDrNYxA0g==",
            "dev": true
        },
        "node_modules/@types/node": {
            "version": "20.1.3",
            "resolved": "https://registry.npmjs.org/@types/node/-/node-20.1.3.tgz",
            "integrity": "sha512-NP2yfZpgmf2eDRPmgGq+fjGjSwFgYbihA8/gK+ey23qT9RkxsgNTZvGOEpXgzIGqesTYkElELLgtKoMQTys5vA=="
        },
        "node_modules/@types/node-fetch": {
            "version": "2.6.4",
            "resolved": "https://registry.npmjs.org/@types/node-fetch/-/node-fetch-2.6.4.tgz",
            "integrity": "sha512-1ZX9fcN4Rvkvgv4E6PAY5WXUFWFcRWxZa3EW83UjycOB9ljJCedb2CupIP4RZMEwF/M3eTcCihbBRgwtGbg5Rg==",
            "dependencies": {
                "@types/node": "*",
                "form-data": "^3.0.0"
            }
        },
        "node_modules/@types/node-fetch/node_modules/form-data": {
            "version": "3.0.1",
            "resolved": "https://registry.npmjs.org/form-data/-/form-data-3.0.1.tgz",
            "integrity": "sha512-RHkBKtLWUVwd7SqRIvCZMEvAMoGUp0XU+seQiZejj0COz3RI3hWP4sCv3gZWWLjJTd7rGwcsF5eKZGii0r/hbg==",
            "dependencies": {
                "asynckit": "^0.4.0",
                "combined-stream": "^1.0.8",
                "mime-types": "^2.1.12"
            },
            "engines": {
                "node": ">= 6"
            }
        },
        "node_modules/@types/prop-types": {
            "version": "15.7.5",
            "resolved": "https://registry.npmjs.org/@types/prop-types/-/prop-types-15.7.5.tgz",
            "integrity": "sha512-JCB8C6SnDoQf0cNycqd/35A7MjcnK+ZTqE7judS6o7utxUCg6imJg3QK2qzHKszlTjcj2cn+NwMB2i96ubpj7w==",
            "dev": true
        },
        "node_modules/@types/react": {
            "version": "18.0.37",
            "resolved": "https://registry.npmjs.org/@types/react/-/react-18.0.37.tgz",
            "integrity": "sha512-4yaZZtkRN3ZIQD3KSEwkfcik8s0SWV+82dlJot1AbGYHCzJkWP3ENBY6wYeDRmKZ6HkrgoGAmR2HqdwYGp6OEw==",
            "dev": true,
            "dependencies": {
                "@types/prop-types": "*",
                "@types/scheduler": "*",
                "csstype": "^3.0.2"
            }
        },
        "node_modules/@types/scheduler": {
            "version": "0.16.3",
            "resolved": "https://registry.npmjs.org/@types/scheduler/-/scheduler-0.16.3.tgz",
            "integrity": "sha512-5cJ8CB4yAx7BH1oMvdU0Jh9lrEXyPkar6F9G/ERswkCuvP4KQZfZkSjcMbAICCpQTN4OuZn8tz0HiKv9TGZgrQ==",
            "dev": true
        },
        "node_modules/@types/uuid": {
            "version": "9.0.2",
            "resolved": "https://registry.npmjs.org/@types/uuid/-/uuid-9.0.2.tgz",
            "integrity": "sha512-kNnC1GFBLuhImSnV7w4njQkUiJi0ZXUycu1rUaouPqiKlXkh77JKgdRnTAp1x5eBwcIwbtI+3otwzuIDEuDoxQ==",
            "dev": true
        },
        "node_modules/@uploadcare/upload-client": {
            "version": "6.6.1",
            "resolved": "https://registry.npmjs.org/@uploadcare/upload-client/-/upload-client-6.6.1.tgz",
            "integrity": "sha512-bUePLdFBmuu6gTc1vWwo9Mq9dIWznnY5GY/FqLnWQTsP9/4Ht2hF/CZ8b4oFGipEda1DURcc7XrdTZxywBparQ==",
            "dependencies": {
                "form-data": "^4.0.0",
                "ws": "^8.2.3"
            },
            "engines": {
                "node": ">=16"
            }
        },
        "node_modules/@uploadthing/mime-types": {
            "version": "0.2.0",
            "resolved": "https://registry.npmjs.org/@uploadthing/mime-types/-/mime-types-0.2.0.tgz",
            "integrity": "sha512-nRcdyM622+GYT9SdaJIVLknqoc8i7krItinfuBPtvmPc+UNGDJ+pMkr4AatYp88cEc4iYtPlN8flJvZ3dNtgrg=="
        },
        "node_modules/@uploadthing/react": {
            "version": "4.1.3",
            "resolved": "https://registry.npmjs.org/@uploadthing/react/-/react-4.1.3.tgz",
            "integrity": "sha512-PG463gGyFnvaBhG5tf7rLDUQb9WDbHPzcV/1EGvrkli4LoMHtBXmTeD9WujwopJ4LjyVuXLh4hgYm7ZJlMlThQ==",
            "dependencies": {
                "@uploadthing/shared": "^5.0.0"
            },
            "peerDependencies": {
                "react": "^17.0.2 || ^18.0.0",
                "react-dropzone": "^14.2.3",
                "uploadthing": "^4.0.0"
            }
        },
        "node_modules/@uploadthing/shared": {
            "version": "5.0.0",
            "resolved": "https://registry.npmjs.org/@uploadthing/shared/-/shared-5.0.0.tgz",
            "integrity": "sha512-Owr/RbSZgThcjZWWy6xTcmRH6jNcCfTGtrH3jAftA1nlGW1g4FzrdTZIHB2fdjZ5qJJ2KoyY3cPY1wEdE4FjaQ==",
            "peerDependencies": {
                "@uploadthing/mime-types": "^0.2.0",
                "zod": "^3.21.4"
            },
            "peerDependenciesMeta": {
                "@uploadthing/mime-types": {
                    "optional": true
                }
            }
        },
        "node_modules/@vercel/analytics": {
            "version": "1.0.1",
            "resolved": "https://registry.npmjs.org/@vercel/analytics/-/analytics-1.0.1.tgz",
            "integrity": "sha512-Ux0c9qUfkcPqng3vrR0GTrlQdqNJ2JREn/2ydrVuKwM3RtMfF2mWX31Ijqo1opSjNAq6rK76PwtANw6kl6TAow=="
        },
        "node_modules/abort-controller": {
            "version": "3.0.0",
            "resolved": "https://registry.npmjs.org/abort-controller/-/abort-controller-3.0.0.tgz",
            "integrity": "sha512-h8lQ8tacZYnR3vNQTgibj+tODHI5/+l06Au2Pcriv/Gmet0eaj4TwWH41sO9wnHDiQsEj19q0drzdWdeAHtweg==",
            "dependencies": {
                "event-target-shim": "^5.0.0"
            },
            "engines": {
                "node": ">=6.5"
            }
        },
        "node_modules/asynckit": {
            "version": "0.4.0",
            "resolved": "https://registry.npmjs.org/asynckit/-/asynckit-0.4.0.tgz",
            "integrity": "sha512-Oei9OH4tRh0YqU3GxhX79dM/mwVgvbZJaSNaRk+bshkj0S5cfHcgYakreBjrHwatXKbz+IoIdYLxrKim2MjW0Q=="
        },
        "node_modules/attr-accept": {
            "version": "2.2.2",
            "resolved": "https://registry.npmjs.org/attr-accept/-/attr-accept-2.2.2.tgz",
            "integrity": "sha512-7prDjvt9HmqiZ0cl5CRjtS84sEyhsHP2coDkaZKRKVfCDo9s7iw7ChVmar78Gu9pC4SoR/28wFu/G5JJhTnqEg==",
            "engines": {
                "node": ">=4"
            }
        },
        "node_modules/axios": {
            "version": "1.4.0",
            "resolved": "https://registry.npmjs.org/axios/-/axios-1.4.0.tgz",
            "integrity": "sha512-S4XCWMEmzvo64T9GfvQDOXgYRDJ/wsSZc7Jvdgx5u1sd0JwsuPLqb3SYmusag+edF6ziyMensPVqLTSc1PiSEA==",
            "dependencies": {
                "follow-redirects": "^1.15.0",
                "form-data": "^4.0.0",
                "proxy-from-env": "^1.1.0"
            }
        },
        "node_modules/bcryptjs": {
            "version": "2.4.3",
            "resolved": "https://registry.npmjs.org/bcryptjs/-/bcryptjs-2.4.3.tgz",
            "integrity": "sha512-V/Hy/X9Vt7f3BbPJEi8BdVFMByHi+jNXrYkW3huaybV/kQ0KJg0Y6PkEMbn+zeT+i+SiKZ/HMqJGIIt4LZDqNQ=="
        },
        "node_modules/busboy": {
            "version": "1.6.0",
            "resolved": "https://registry.npmjs.org/busboy/-/busboy-1.6.0.tgz",
            "integrity": "sha512-8SFQbg/0hQ9xy3UNTB0YEnsNBbWfhf7RtnzpL7TkBiTBRfrQ9Fxcnz7VJsleJpyp6rVLvXiuORqjlHi5q+PYuA==",
            "dependencies": {
                "streamsearch": "^1.1.0"
            },
            "engines": {
                "node": ">=10.16.0"
            }
        },
        "node_modules/caniuse-lite": {
            "version": "1.0.30001503",
            "resolved": "https://registry.npmjs.org/caniuse-lite/-/caniuse-lite-1.0.30001503.tgz",
            "integrity": "sha512-Sf9NiF+wZxPfzv8Z3iS0rXM1Do+iOy2Lxvib38glFX+08TCYYYGR5fRJXk4d77C4AYwhUjgYgMsMudbh2TqCKw==",
            "funding": [
                {
                    "type": "opencollective",
                    "url": "https://opencollective.com/browserslist"
                },
                {
                    "type": "tidelift",
                    "url": "https://tidelift.com/funding/github/npm/caniuse-lite"
                },
                {
                    "type": "github",
                    "url": "https://github.com/sponsors/ai"
                }
            ]
        },
        "node_modules/client-only": {
            "version": "0.0.1",
            "resolved": "https://registry.npmjs.org/client-only/-/client-only-0.0.1.tgz",
            "integrity": "sha512-IV3Ou0jSMzZrd3pZ48nLkT9DA7Ag1pnPzaiQhpW7c3RbcqqzvzzVu+L8gfqMp/8IM2MQtSiqaCxrrcfu8I8rMA=="
        },
        "node_modules/combined-stream": {
            "version": "1.0.8",
            "resolved": "https://registry.npmjs.org/combined-stream/-/combined-stream-1.0.8.tgz",
            "integrity": "sha512-FQN4MRfuJeHf7cBbBMJFXhKSDq+2kAArBlmRBvcvFE5BB1HZKXtSFASDhdlz9zOYwxh8lDdnvmMOe/+5cdoEdg==",
            "dependencies": {
                "delayed-stream": "~1.0.0"
            },
            "engines": {
                "node": ">= 0.8"
            }
        },
        "node_modules/csstype": {
            "version": "3.1.2",
            "resolved": "https://registry.npmjs.org/csstype/-/csstype-3.1.2.tgz",
            "integrity": "sha512-I7K1Uu0MBPzaFKg4nI5Q7Vs2t+3gWWW648spaF+Rg7pI9ds18Ugn+lvg4SHczUdKlHI5LWBXyqfS8+DufyBsgQ==",
            "dev": true
        },
        "node_modules/debug": {
            "version": "4.3.4",
            "resolved": "https://registry.npmjs.org/debug/-/debug-4.3.4.tgz",
            "integrity": "sha512-PRWFHuSU3eDtQJPvnNY7Jcket1j0t5OuOsFzPPzsekD52Zl8qUfFIPEiswXqIvHWGVHOgX+7G/vCNNhehwxfkQ==",
            "dependencies": {
                "ms": "2.1.2"
            },
            "engines": {
                "node": ">=6.0"
            },
            "peerDependenciesMeta": {
                "supports-color": {
                    "optional": true
                }
            }
        },
        "node_modules/delayed-stream": {
            "version": "1.0.0",
            "resolved": "https://registry.npmjs.org/delayed-stream/-/delayed-stream-1.0.0.tgz",
            "integrity": "sha512-ZySD7Nf91aLB0RxL4KGrKHBXl7Eds1DAmEdcoVawXnLD7SDhpNgtuII2aAkg7a7QS41jxPSZ17p4VdGnMHk3MQ==",
            "engines": {
                "node": ">=0.4.0"
            }
        },
        "node_modules/event-target-shim": {
            "version": "5.0.1",
            "resolved": "https://registry.npmjs.org/event-target-shim/-/event-target-shim-5.0.1.tgz",
            "integrity": "sha512-i/2XbnSz/uxRCU6+NdVJgKWDTM427+MqYbkQzD321DuCQJUqOuJKIA0IM2+W2xtYHdKOmZ4dR6fExsd4SXL+WQ==",
            "engines": {
                "node": ">=6"
            }
        },
        "node_modules/file-selector": {
            "version": "0.6.0",
            "resolved": "https://registry.npmjs.org/file-selector/-/file-selector-0.6.0.tgz",
            "integrity": "sha512-QlZ5yJC0VxHxQQsQhXvBaC7VRJ2uaxTf+Tfpu4Z/OcVQJVpZO+DGU0rkoVW5ce2SccxugvpBJoMvUs59iILYdw==",
            "dependencies": {
                "tslib": "^2.4.0"
            },
            "engines": {
                "node": ">= 12"
            }
        },
        "node_modules/follow-redirects": {
            "version": "1.15.2",
            "resolved": "https://registry.npmjs.org/follow-redirects/-/follow-redirects-1.15.2.tgz",
            "integrity": "sha512-VQLG33o04KaQ8uYi2tVNbdrWp1QWxNNea+nmIB4EVM28v0hmP17z7aG1+wAkNzVq4KeXTq3221ye5qTJP91JwA==",
            "funding": [
                {
                    "type": "individual",
                    "url": "https://github.com/sponsors/RubenVerborgh"
                }
            ],
            "engines": {
                "node": ">=4.0"
            },
            "peerDependenciesMeta": {
                "debug": {
                    "optional": true
                }
            }
        },
        "node_modules/form-data": {
            "version": "4.0.0",
            "resolved": "https://registry.npmjs.org/form-data/-/form-data-4.0.0.tgz",
            "integrity": "sha512-ETEklSGi5t0QMZuiXoA/Q6vcnxcLQP5vdugSpuAyi6SVGi2clPPp+xgEhuMaHC+zGgn31Kd235W35f7Hykkaww==",
            "dependencies": {
                "asynckit": "^0.4.0",
                "combined-stream": "^1.0.8",
                "mime-types": "^2.1.12"
            },
            "engines": {
                "node": ">= 6"
            }
        },
        "node_modules/framer-motion": {
            "version": "10.12.16",
            "resolved": "https://registry.npmjs.org/framer-motion/-/framer-motion-10.12.16.tgz",
            "integrity": "sha512-w/SfWEIWJkYSgRHYBmln7EhcNo31ao8Xexol8lGXf1pR/tlnBtf1HcxoUmEiEh6pacB4/geku5ami53AAQWHMQ==",
            "dependencies": {
                "tslib": "^2.4.0"
            },
            "optionalDependencies": {
                "@emotion/is-prop-valid": "^0.8.2"
            },
            "peerDependencies": {
                "react": "^18.0.0",
                "react-dom": "^18.0.0"
            },
            "peerDependenciesMeta": {
                "react": {
                    "optional": true
                },
                "react-dom": {
                    "optional": true
                }
            }
        },
        "node_modules/glob-to-regexp": {
            "version": "0.4.1",
            "resolved": "https://registry.npmjs.org/glob-to-regexp/-/glob-to-regexp-0.4.1.tgz",
            "integrity": "sha512-lkX1HJXwyMcprw/5YUZc2s7DrpAiHB21/V+E1rHUrVNokkvB6bqMzT0VfV6/86ZNabt1k14YOIaT7nDvOX3Iiw=="
        },
        "node_modules/graceful-fs": {
            "version": "4.2.11",
            "resolved": "https://registry.npmjs.org/graceful-fs/-/graceful-fs-4.2.11.tgz",
            "integrity": "sha512-RbJ5/jmFcNNCcDV5o9eTnBLJ/HszWV0P73bc+Ff4nS/rJj+YaS6IGyiOL0VoBYX+l1Wrl3k63h/KrH+nhJ0XvQ=="
        },
        "node_modules/has-flag": {
            "version": "4.0.0",
            "resolved": "https://registry.npmjs.org/has-flag/-/has-flag-4.0.0.tgz",
            "integrity": "sha512-EykJT/Q1KjTWctppgIAgfSO0tKVuZUjhgMr17kqTumMl6Afv3EISleU7qZUzoXDFTAHTDC4NOoG/ZxU3EvlMPQ==",
            "engines": {
                "node": ">=8"
            }
        },
        "node_modules/is-base64": {
            "version": "1.1.0",
            "resolved": "https://registry.npmjs.org/is-base64/-/is-base64-1.1.0.tgz",
            "integrity": "sha512-Nlhg7Z2dVC4/PTvIFkgVVNvPHSO2eR/Yd0XzhGiXCXEvWnptXlXa/clQ8aePPiMuxEGcWfzWbGw2Fe3d+Y3v1g==",
            "bin": {
                "is_base64": "bin/is-base64",
                "is-base64": "bin/is-base64"
            }
        },
        "node_modules/jose": {
            "version": "4.14.4",
            "resolved": "https://registry.npmjs.org/jose/-/jose-4.14.4.tgz",
            "integrity": "sha512-j8GhLiKmUAh+dsFXlX1aJCbt5KMibuKb+d7j1JaOJG6s2UjX1PQlW+OKB/sD4a/5ZYF4RcmYmLSndOoU3Lt/3g==",
            "funding": {
                "url": "https://github.com/sponsors/panva"
            }
        },
        "node_modules/js-tokens": {
            "version": "4.0.0",
            "resolved": "https://registry.npmjs.org/js-tokens/-/js-tokens-4.0.0.tgz",
            "integrity": "sha512-RdJUflcE3cUzKiMqQgsCu06FPu9UdIJO0beYbPhHN4k6apgJtifcoCtT9bcxOpYBtpD2kCM6Sbzg4CausW/PKQ=="
        },
        "node_modules/loose-envify": {
            "version": "1.4.0",
            "resolved": "https://registry.npmjs.org/loose-envify/-/loose-envify-1.4.0.tgz",
            "integrity": "sha512-lyuxPGr/Wfhrlem2CL/UcnUc1zcqKAImBDzukY7Y5F/yQiNdko6+fRLevlw1HgMySw7f611UIY408EtxRSoK3Q==",
            "dependencies": {
                "js-tokens": "^3.0.0 || ^4.0.0"
            },
            "bin": {
                "loose-envify": "cli.js"
            }
        },
        "node_modules/mime-db": {
            "version": "1.52.0",
            "resolved": "https://registry.npmjs.org/mime-db/-/mime-db-1.52.0.tgz",
            "integrity": "sha512-sPU4uV7dYlvtWJxwwxHD0PuihVNiE7TyAbQ5SWxDCB9mUYvOgroQOwYQQOKPJ8CIbE+1ETVlOoK1UC2nU3gYvg==",
            "engines": {
                "node": ">= 0.6"
            }
        },
        "node_modules/mime-types": {
            "version": "2.1.35",
            "resolved": "https://registry.npmjs.org/mime-types/-/mime-types-2.1.35.tgz",
            "integrity": "sha512-ZDY+bPm5zTTF+YpCrAU9nK0UgICYPT0QtT1NZWFv4s++TNkcgVaT0g6+4R2uI4MjQjzysHB1zxuWL50hzaeXiw==",
            "dependencies": {
                "mime-db": "1.52.0"
            },
            "engines": {
                "node": ">= 0.6"
            }
        },
        "node_modules/ms": {
            "version": "2.1.2",
            "resolved": "https://registry.npmjs.org/ms/-/ms-2.1.2.tgz",
            "integrity": "sha512-sGkPx+VjMtmA6MX27oA4FBFELFCZZ4S4XqeGOXCv68tT+jb3vk/RyaKWP0PTKyWtmLSM0b+adUTEvbs1PEaH2w=="
        },
        "node_modules/nanoid": {
            "version": "3.3.6",
            "resolved": "https://registry.npmjs.org/nanoid/-/nanoid-3.3.6.tgz",
            "integrity": "sha512-BGcqMMJuToF7i1rt+2PWSNVnWIkGCU78jBG3RxO/bZlnZPK2Cmi2QaffxGO/2RvWi9sL+FAiRiXMgsyxQ1DIDA==",
            "funding": [
                {
                    "type": "github",
                    "url": "https://github.com/sponsors/ai"
                }
            ],
            "bin": {
                "nanoid": "bin/nanoid.cjs"
            },
            "engines": {
                "node": "^10 || ^12 || ^13.7 || ^14 || >=15.0.1"
            }
        },
        "node_modules/next": {
            "version": "13.4.6",
            "resolved": "https://registry.npmjs.org/next/-/next-13.4.6.tgz",
            "integrity": "sha512-sjVqjxU+U2aXZnYt4Ud6CTLNNwWjdSfMgemGpIQJcN3Z7Jni9xRWbR0ie5fQzCg87aLqQVhKA2ud2gPoqJ9lGw==",
            "dependencies": {
                "@next/env": "13.4.6",
                "@swc/helpers": "0.5.1",
                "busboy": "1.6.0",
                "caniuse-lite": "^1.0.30001406",
                "postcss": "8.4.14",
                "styled-jsx": "5.1.1",
                "watchpack": "2.4.0",
                "zod": "3.21.4"
            },
            "bin": {
                "next": "dist/bin/next"
            },
            "engines": {
                "node": ">=16.8.0"
            },
            "optionalDependencies": {
                "@next/swc-darwin-arm64": "13.4.6",
                "@next/swc-darwin-x64": "13.4.6",
                "@next/swc-linux-arm64-gnu": "13.4.6",
                "@next/swc-linux-arm64-musl": "13.4.6",
                "@next/swc-linux-x64-gnu": "13.4.6",
                "@next/swc-linux-x64-musl": "13.4.6",
                "@next/swc-win32-arm64-msvc": "13.4.6",
                "@next/swc-win32-ia32-msvc": "13.4.6",
                "@next/swc-win32-x64-msvc": "13.4.6"
            },
            "peerDependencies": {
                "@opentelemetry/api": "^1.1.0",
                "fibers": ">= 3.1.0",
                "react": "^18.2.0",
                "react-dom": "^18.2.0",
                "sass": "^1.3.0"
            },
            "peerDependenciesMeta": {
                "@opentelemetry/api": {
                    "optional": true
                },
                "fibers": {
                    "optional": true
                },
                "sass": {
                    "optional": true
                }
            }
        },
        "node_modules/node-fetch": {
            "version": "2.6.11",
            "resolved": "https://registry.npmjs.org/node-fetch/-/node-fetch-2.6.11.tgz",
            "integrity": "sha512-4I6pdBY1EthSqDmJkiNk3JIT8cswwR9nfeW/cPdUagJYEQG7R95WRH74wpz7ma8Gh/9dI9FP+OU+0E4FvtA55w==",
            "dependencies": {
                "whatwg-url": "^5.0.0"
            },
            "engines": {
                "node": "4.x || >=6.0.0"
            },
            "peerDependencies": {
                "encoding": "^0.1.0"
            },
            "peerDependenciesMeta": {
                "encoding": {
                    "optional": true
                }
            }
        },
        "node_modules/object-assign": {
            "version": "4.1.1",
            "resolved": "https://registry.npmjs.org/object-assign/-/object-assign-4.1.1.tgz",
            "integrity": "sha512-rJgTQnkUnH1sFw8yT6VSU3zD3sWmu6sZhIseY8VX+GRu3P6F7Fu+JNDoXfklElbLJSnc3FUQHVe4cU5hj+BcUg==",
            "engines": {
                "node": ">=0.10.0"
            }
        },
        "node_modules/picocolors": {
            "version": "1.0.0",
            "resolved": "https://registry.npmjs.org/picocolors/-/picocolors-1.0.0.tgz",
            "integrity": "sha512-1fygroTLlHu66zi26VoTDv8yRgm0Fccecssto+MhsZ0D/DGW2sm8E8AjW7NU5VVTRt5GxbeZ5qBuJr+HyLYkjQ=="
        },
        "node_modules/postcss": {
            "version": "8.4.14",
            "resolved": "https://registry.npmjs.org/postcss/-/postcss-8.4.14.tgz",
            "integrity": "sha512-E398TUmfAYFPBSdzgeieK2Y1+1cpdxJx8yXbK/m57nRhKSmk1GB2tO4lbLBtlkfPQTDKfe4Xqv1ASWPpayPEig==",
            "funding": [
                {
                    "type": "opencollective",
                    "url": "https://opencollective.com/postcss/"
                },
                {
                    "type": "tidelift",
                    "url": "https://tidelift.com/funding/github/npm/postcss"
                }
            ],
            "dependencies": {
                "nanoid": "^3.3.4",
                "picocolors": "^1.0.0",
                "source-map-js": "^1.0.2"
            },
            "engines": {
                "node": "^10 || ^12 || >=14"
            }
        },
        "node_modules/prisma": {
            "version": "4.15.0",
            "resolved": "https://registry.npmjs.org/prisma/-/prisma-4.15.0.tgz",
            "integrity": "sha512-iKZZpobPl48gTcSZVawLMQ3lEy6BnXwtoMj7hluoGFYu2kQ6F9LBuBrUyF95zRVnNo8/3KzLXJXJ5TEnLSJFiA==",
            "devOptional": true,
            "hasInstallScript": true,
            "dependencies": {
                "@prisma/engines": "4.15.0"
            },
            "bin": {
                "prisma": "build/index.js",
                "prisma2": "build/index.js"
            },
            "engines": {
                "node": ">=14.17"
            }
        },
        "node_modules/prop-types": {
            "version": "15.8.1",
            "resolved": "https://registry.npmjs.org/prop-types/-/prop-types-15.8.1.tgz",
            "integrity": "sha512-oj87CgZICdulUohogVAR7AjlC0327U4el4L6eAvOqCeudMDVU0NThNaV+b9Df4dXgSP1gXMTnPdhfe/2qDH5cg==",
            "dependencies": {
                "loose-envify": "^1.4.0",
                "object-assign": "^4.1.1",
                "react-is": "^16.13.1"
            }
        },
        "node_modules/proxy-from-env": {
            "version": "1.1.0",
            "resolved": "https://registry.npmjs.org/proxy-from-env/-/proxy-from-env-1.1.0.tgz",
            "integrity": "sha512-D+zkORCbA9f1tdWRK0RaCR3GPv50cMxcrz4X8k5LTSUD1Dkw47mKJEZQNunItRTkWwgtaUSo1RVFRIG9ZXiFYg=="
        },
        "node_modules/pusher": {
            "version": "5.1.3",
            "resolved": "https://registry.npmjs.org/pusher/-/pusher-5.1.3.tgz",
            "integrity": "sha512-Bmy5guFxQsbYSFLF3CM7GA2qE1zDJYn51PnNme9QlSjGguvkqUg4nj31PbgiLVDFK2sJvxPfx4JrB2HLgM3kaw==",
            "dependencies": {
                "@types/node-fetch": "^2.5.7",
                "abort-controller": "^3.0.0",
                "is-base64": "^1.1.0",
                "node-fetch": "^2.6.1",
                "tweetnacl": "^1.0.0",
                "tweetnacl-util": "^0.15.0"
            },
            "engines": {
                "node": ">= 4.0.0"
            }
        },
        "node_modules/pusher-js": {
            "version": "8.1.0",
            "resolved": "https://registry.npmjs.org/pusher-js/-/pusher-js-8.1.0.tgz",
            "integrity": "sha512-uccd3kMmcT4c1WB88/DNm6NZsK2Keu0gcSz68EjNJKyXhGQUFCWf3TFuNOCu8lr2LTSbtt+TES4Lg5Qs46NULA==",
            "dependencies": {
                "tweetnacl": "^1.0.3"
            }
        },
        "node_modules/react": {
            "version": "18.2.0",
            "resolved": "https://registry.npmjs.org/react/-/react-18.2.0.tgz",
            "integrity": "sha512-/3IjMdb2L9QbBdWiW5e3P2/npwMBaU9mHCSCUzNln0ZCYbcfTsGbTJrU/kGemdH2IWmB2ioZ+zkxtmq6g09fGQ==",
            "dependencies": {
                "loose-envify": "^1.1.0"
            },
            "engines": {
                "node": ">=0.10.0"
            }
        },
        "node_modules/react-dom": {
            "version": "18.2.0",
            "resolved": "https://registry.npmjs.org/react-dom/-/react-dom-18.2.0.tgz",
            "integrity": "sha512-6IMTriUmvsjHUjNtEDudZfuDQUoWXVxKHhlEGSk81n4YFS+r/Kl99wXiwlVXtPBtJenozv2P+hxDsw9eA7Xo6g==",
            "dependencies": {
                "loose-envify": "^1.1.0",
                "scheduler": "^0.23.0"
            },
            "peerDependencies": {
                "react": "^18.2.0"
            }
        },
        "node_modules/react-dropzone": {
            "version": "14.2.3",
            "resolved": "https://registry.npmjs.org/react-dropzone/-/react-dropzone-14.2.3.tgz",
            "integrity": "sha512-O3om8I+PkFKbxCukfIR3QAGftYXDZfOE2N1mr/7qebQJHs7U+/RSL/9xomJNpRg9kM5h9soQSdf0Gc7OHF5Fug==",
            "dependencies": {
                "attr-accept": "^2.2.2",
                "file-selector": "^0.6.0",
                "prop-types": "^15.8.1"
            },
            "engines": {
                "node": ">= 10.13"
            },
            "peerDependencies": {
                "react": ">= 16.8 || 18.0.0"
            }
        },
        "node_modules/react-is": {
            "version": "16.13.1",
            "resolved": "https://registry.npmjs.org/react-is/-/react-is-16.13.1.tgz",
            "integrity": "sha512-24e6ynE2H+OKt4kqsOvNd8kBpV65zoxbA4BVsEOB3ARVWQki/DHzaUoC5KuON/BiccDaCCTZBuOcfZs70kR8bQ=="
        },
        "node_modules/react-router": {
            "version": "6.13.0",
            "resolved": "https://registry.npmjs.org/react-router/-/react-router-6.13.0.tgz",
            "integrity": "sha512-Si6KnfEnJw7gUQkNa70dlpI1bul46FuSxX5t5WwlUBxE25DAz2BjVkwaK8Y2s242bQrZPXCpmwLPtIO5pv4tXg==",
            "dependencies": {
                "@remix-run/router": "1.6.3"
            },
            "engines": {
                "node": ">=14"
            },
            "peerDependencies": {
                "react": ">=16.8"
            }
        },
        "node_modules/react-router-dom": {
            "version": "6.13.0",
            "resolved": "https://registry.npmjs.org/react-router-dom/-/react-router-dom-6.13.0.tgz",
            "integrity": "sha512-6Nqoqd7fgwxxVGdbiMHTpDHCYPq62d7Wk1Of7B82vH7ZPwwsRaIa22zRZKPPg413R5REVNiyuQPKDG1bubcOFA==",
            "dependencies": {
                "@remix-run/router": "1.6.3",
                "react-router": "6.13.0"
            },
            "engines": {
                "node": ">=14"
            },
            "peerDependencies": {
                "react": ">=16.8",
                "react-dom": ">=16.8"
            }
        },
        "node_modules/scheduler": {
            "version": "0.23.0",
            "resolved": "https://registry.npmjs.org/scheduler/-/scheduler-0.23.0.tgz",
            "integrity": "sha512-CtuThmgHNg7zIZWAXi3AsyIzA3n4xx7aNyjwC2VJldO2LMVDhFK+63xGqq6CsJH4rTAt6/M+N4GhZiDYPx9eUw==",
            "dependencies": {
                "loose-envify": "^1.1.0"
            }
        },
        "node_modules/source-map-js": {
            "version": "1.0.2",
            "resolved": "https://registry.npmjs.org/source-map-js/-/source-map-js-1.0.2.tgz",
            "integrity": "sha512-R0XvVJ9WusLiqTCEiGCmICCMplcCkIwwR11mOSD9CR5u+IXYdiseeEuXCVAjS54zqwkLcPNnmU4OeJ6tUrWhDw==",
            "engines": {
                "node": ">=0.10.0"
            }
        },
        "node_modules/streamsearch": {
            "version": "1.1.0",
            "resolved": "https://registry.npmjs.org/streamsearch/-/streamsearch-1.1.0.tgz",
            "integrity": "sha512-Mcc5wHehp9aXz1ax6bZUyY5afg9u2rv5cqQI3mRrYkGC8rW2hM02jWuwjtL++LS5qinSyhj2QfLyNsuc+VsExg==",
            "engines": {
                "node": ">=10.0.0"
            }
        },
        "node_modules/styled-jsx": {
            "version": "5.1.1",
            "resolved": "https://registry.npmjs.org/styled-jsx/-/styled-jsx-5.1.1.tgz",
            "integrity": "sha512-pW7uC1l4mBZ8ugbiZrcIsiIvVx1UmTfw7UkC3Um2tmfUq9Bhk8IiyEIPl6F8agHgjzku6j0xQEZbfA5uSgSaCw==",
            "dependencies": {
                "client-only": "0.0.1"
            },
            "engines": {
                "node": ">= 12.0.0"
            },
            "peerDependencies": {
                "react": ">= 16.8.0 || 17.x.x || ^18.0.0-0"
            },
            "peerDependenciesMeta": {
                "@babel/core": {
                    "optional": true
                },
                "babel-plugin-macros": {
                    "optional": true
                }
            }
        },
        "node_modules/supports-color": {
            "version": "8.1.1",
            "resolved": "https://registry.npmjs.org/supports-color/-/supports-color-8.1.1.tgz",
            "integrity": "sha512-MpUEN2OodtUzxvKQl72cUF7RQ5EiHsGvSsVG0ia9c5RbWGL2CI4C7EpPS8UTBIplnlzZiNuV56w+FuNxy3ty2Q==",
            "dependencies": {
                "has-flag": "^4.0.0"
            },
            "engines": {
                "node": ">=10"
            },
            "funding": {
                "url": "https://github.com/chalk/supports-color?sponsor=1"
            }
        },
        "node_modules/swr": {
            "version": "2.1.5",
            "resolved": "https://registry.npmjs.org/swr/-/swr-2.1.5.tgz",
            "integrity": "sha512-/OhfZMcEpuz77KavXST5q6XE9nrOBOVcBLWjMT+oAE/kQHyE3PASrevXCtQDZ8aamntOfFkbVJp7Il9tNBQWrw==",
            "dependencies": {
                "use-sync-external-store": "^1.2.0"
            },
            "peerDependencies": {
                "react": "^16.11.0 || ^17.0.0 || ^18.0.0"
            }
        },
        "node_modules/tr46": {
            "version": "0.0.3",
            "resolved": "https://registry.npmjs.org/tr46/-/tr46-0.0.3.tgz",
            "integrity": "sha512-N3WMsuqV66lT30CrXNbEjx4GEwlow3v6rr4mCcv6prnfwhS01rkgyFdjPNBYd9br7LpXV1+Emh01fHnq2Gdgrw=="
        },
        "node_modules/tslib": {
            "version": "2.5.3",
            "resolved": "https://registry.npmjs.org/tslib/-/tslib-2.5.3.tgz",
            "integrity": "sha512-mSxlJJwl3BMEQCUNnxXBU9jP4JBktcEGhURcPR6VQVlnP0FdDEsIaz0C35dXNGLyRfrATNofF0F5p2KPxQgB+w=="
        },
        "node_modules/tweetnacl": {
            "version": "1.0.3",
            "resolved": "https://registry.npmjs.org/tweetnacl/-/tweetnacl-1.0.3.tgz",
            "integrity": "sha512-6rt+RN7aOi1nGMyC4Xa5DdYiukl2UWCbcJft7YhxReBGQD7OAM8Pbxw6YMo4r2diNEA8FEmu32YOn9rhaiE5yw=="
        },
        "node_modules/tweetnacl-util": {
            "version": "0.15.1",
            "resolved": "https://registry.npmjs.org/tweetnacl-util/-/tweetnacl-util-0.15.1.tgz",
            "integrity": "sha512-RKJBIj8lySrShN4w6i/BonWp2Z/uxwC3h4y7xsRrpP59ZboCd0GpEVsOnMDYLMmKBpYhb5TgHzZXy7wTfYFBRw=="
        },
        "node_modules/typescript": {
            "version": "5.0.4",
            "resolved": "https://registry.npmjs.org/typescript/-/typescript-5.0.4.tgz",
            "integrity": "sha512-cW9T5W9xY37cc+jfEnaUvX91foxtHkza3Nw3wkoF4sSlKn0MONdkdEndig/qPBWXNkmplh3NzayQzCiHM4/hqw==",
            "dev": true,
            "bin": {
                "tsc": "bin/tsc",
                "tsserver": "bin/tsserver"
            },
            "engines": {
                "node": ">=12.20"
            }
        },
        "node_modules/uploadthing": {
            "version": "4.1.3",
            "resolved": "https://registry.npmjs.org/uploadthing/-/uploadthing-4.1.3.tgz",
            "integrity": "sha512-4cvlRhtld+GwrEE3AsjBLJaqYjZOAuyzwD/69wHcYlT175Ukgw8Yn5xPRAChPIEUmCM7JLBJu6OOneSGP/mRxg==",
            "dependencies": {
                "@uploadthing/mime-types": "^0.2.0",
                "@uploadthing/shared": "^5.0.0"
            }
        },
        "node_modules/use-sync-external-store": {
            "version": "1.2.0",
            "resolved": "https://registry.npmjs.org/use-sync-external-store/-/use-sync-external-store-1.2.0.tgz",
            "integrity": "sha512-eEgnFxGQ1Ife9bzYs6VLi8/4X6CObHMw9Qr9tPY43iKwsPw8xE8+EFsf/2cFZ5S3esXgpWgtSCtLNS41F+sKPA==",
            "peerDependencies": {
                "react": "^16.8.0 || ^17.0.0 || ^18.0.0"
            }
        },
        "node_modules/uuid": {
            "version": "9.0.0",
            "resolved": "https://registry.npmjs.org/uuid/-/uuid-9.0.0.tgz",
            "integrity": "sha512-MXcSTerfPa4uqyzStbRoTgt5XIe3x5+42+q1sDuy3R5MDk66URdLMOZe5aPX/SQd+kuYAh0FdP/pO28IkQyTeg==",
            "bin": {
                "uuid": "dist/bin/uuid"
            }
        },
        "node_modules/watchpack": {
            "version": "2.4.0",
            "resolved": "https://registry.npmjs.org/watchpack/-/watchpack-2.4.0.tgz",
            "integrity": "sha512-Lcvm7MGST/4fup+ifyKi2hjyIAwcdI4HRgtvTpIUxBRhB+RFtUh8XtDOxUfctVCnhVi+QQj49i91OyvzkJl6cg==",
            "dependencies": {
                "glob-to-regexp": "^0.4.1",
                "graceful-fs": "^4.1.2"
            },
            "engines": {
                "node": ">=10.13.0"
            }
        },
        "node_modules/webidl-conversions": {
            "version": "3.0.1",
            "resolved": "https://registry.npmjs.org/webidl-conversions/-/webidl-conversions-3.0.1.tgz",
            "integrity": "sha512-2JAn3z8AR6rjK8Sm8orRC0h/bcl/DqL7tRPdGZ4I1CjdF+EaMLmYxBHyXuKL849eucPFhvBoxMsflfOb8kxaeQ=="
        },
        "node_modules/whatwg-url": {
            "version": "5.0.0",
            "resolved": "https://registry.npmjs.org/whatwg-url/-/whatwg-url-5.0.0.tgz",
            "integrity": "sha512-saE57nupxk6v3HY35+jzBwYa0rKSy0XR8JSxZPwgLr7ys0IBzhGviA1/TUGJLmSVqs8pb9AnvICXEuOHLprYTw==",
            "dependencies": {
                "tr46": "~0.0.3",
                "webidl-conversions": "^3.0.0"
            }
        },
        "node_modules/ws": {
            "version": "8.13.0",
            "resolved": "https://registry.npmjs.org/ws/-/ws-8.13.0.tgz",
            "integrity": "sha512-x9vcZYTrFPC7aSIbj7sRCYo7L/Xb8Iy+pW0ng0wt2vCJv7M9HOMy0UoN3rr+IFC7hb7vXoqS+P9ktyLLLhO+LA==",
            "engines": {
                "node": ">=10.0.0"
            },
            "peerDependencies": {
                "bufferutil": "^4.0.1",
                "utf-8-validate": ">=5.0.2"
            },
            "peerDependenciesMeta": {
                "bufferutil": {
                    "optional": true
                },
                "utf-8-validate": {
                    "optional": true
                }
            }
        },
        "node_modules/zod": {
            "version": "3.21.4",
            "resolved": "https://registry.npmjs.org/zod/-/zod-3.21.4.tgz",
            "integrity": "sha512-m46AKbrzKVzOzs/DZgVnG5H55N1sv1M8qZU3A8RIKbs3mrACDNeIOeilDymVb2HdmP8uwshOCF4uJ8uM9rCqJw==",
            "funding": {
                "url": "https://github.com/sponsors/colinhacks"
            }
        }
    }
}
